
Microsoft Visual Studio Solution File, Format Version 12.00
# Visual Studio 15
VisualStudioVersion = 15.0.28307.136
MinimumVisualStudioVersion = 10.0.40219.1
Project("{9A19103F-16F7-4668-BE54-9A1E7A4F7556}") = "MovieManager.Shared", "MovieManager.Shared\MovieManager.Shared.csproj", "{E50423B0-80BD-4A25-8CBD-D038FE9D1ACC}"
EndProject
Project("{FAE04EC0-301F-11D3-BF4B-00C04F79EFBC}") = "MovieManager.Desktop", "MovieManager.Desktop\MovieManager.Desktop.csproj", "{38E738AA-E526-4F99-992D-B5655D61CC52}"
EndProject
Project("{9A19103F-16F7-4668-BE54-9A1E7A4F7556}") = "MovieManager.Data", "MovieManager.Data\MovieManager.Data.csproj", "{CC660CEB-7947-41AC-A0A2-AFE5E1603260}"
EndProject
Global
	GlobalSection(SolutionConfigurationPlatforms) = preSolution
		Debug|Any CPU = Debug|Any CPU
		Release|Any CPU = Release|Any CPU
	EndGlobalSection
	GlobalSection(ProjectConfigurationPlatforms) = postSolution
		{E50423B0-80BD-4A25-8CBD-D038FE9D1ACC}.Debug|Any CPU.ActiveCfg = Debug|Any CPU
		{E50423B0-80BD-4A25-8CBD-D038FE9D1ACC}.Debug|Any CPU.Build.0 = Debug|Any CPU
		{E50423B0-80BD-4A25-8CBD-D038FE9D1ACC}.Release|Any CPU.ActiveCfg = Release|Any CPU
		{E50423B0-80BD-4A25-8CBD-D038FE9D1ACC}.Release|Any CPU.Build.0 = Release|Any CPU
		{38E738AA-E526-4F99-992D-B5655D61CC52}.Debug|Any CPU.ActiveCfg = Debug|Any CPU
		{38E738AA-E526-4F99-992D-B5655D61CC52}.Debug|Any CPU.Build.0 = Debug|Any CPU
		{38E738AA-E526-4F99-992D-B5655D61CC52}.Release|Any CPU.ActiveCfg = Release|Any CPU
		{38E738AA-E526-4F99-992D-B5655D61CC52}.Release|Any CPU.Build.0 = Release|Any CPU
		{CC660CEB-7947-41AC-A0A2-AFE5E1603260}.Debug|Any CPU.ActiveCfg = Debug|Any CPU
		{CC660CEB-7947-41AC-A0A2-AFE5E1603260}.Debug|Any CPU.Build.0 = Debug|Any CPU
		{CC660CEB-7947-41AC-A0A2-AFE5E1603260}.Release|Any CPU.ActiveCfg = Release|Any CPU
		{CC660CEB-7947-41AC-A0A2-AFE5E1603260}.Release|Any CPU.Build.0 = Release|Any CPU
	EndGlobalSection
	GlobalSection(SolutionProperties) = preSolution
		HideSolutionNode = FALSE
	EndGlobalSection
	GlobalSection(ExtensibilityGlobals) = postSolution
		SolutionGuid = {EF69C09F-96CC-4A19-8BAD-3D4E3C70EB14}
	EndGlobalSection
EndGlobal
